
Microsoft Visual Studio Solution File, Format Version 12.00
# Visual Studio Version 16
VisualStudioVersion = 16.0.809.7
MinimumVisualStudioVersion = 10.0.40219.1
Project("{FAE04EC0-301F-11D3-BF4B-00C04F79EFBC}") = "DuraDriveApp.Android", "DuraDriveApp.Android\DuraDriveApp.Android.csproj", "{0AFA9251-196D-4BD7-8FA6-3850E61D020F}"
EndProject
Project("{FAE04EC0-301F-11D3-BF4B-00C04F79EFBC}") = "DuraDriveApp.iOS", "DuraDriveApp.iOS\DuraDriveApp.iOS.csproj", "{833DACC6-C482-43E9-9AD7-9D08C9DB1ED3}"
EndProject
Project("{FAE04EC0-301F-11D3-BF4B-00C04F79EFBC}") = "DuraDriveApp.Core", "DuraDriveApp.Core\DuraDriveApp.Core.csproj", "{6DB80703-50C4-410E-9CD4-42CB536F0916}"
EndProject
Project("{9344BDBB-3E7F-41FC-A0DD-8665D75EE146}") = "DuraDriveApp", "DuraDriveApp\DuraDriveApp.csproj", "{921C840B-C949-42FC-9AB3-EF8E2A7ECB0E}"
EndProject
Global
	GlobalSection(SolutionConfigurationPlatforms) = preSolution
		Debug|Any CPU = Debug|Any CPU
		Release|Any CPU = Release|Any CPU
		Debug|iPhoneSimulator = Debug|iPhoneSimulator
		Release|iPhoneSimulator = Release|iPhoneSimulator
		Debug|iPhone = Debug|iPhone
		Release|iPhone = Release|iPhone
	EndGlobalSection
	GlobalSection(ProjectConfigurationPlatforms) = postSolution
		{0AFA9251-196D-4BD7-8FA6-3850E61D020F}.Debug|Any CPU.ActiveCfg = Debug|Any CPU
		{0AFA9251-196D-4BD7-8FA6-3850E61D020F}.Debug|Any CPU.Build.0 = Debug|Any CPU
		{0AFA9251-196D-4BD7-8FA6-3850E61D020F}.Release|Any CPU.ActiveCfg = Release|Any CPU
		{0AFA9251-196D-4BD7-8FA6-3850E61D020F}.Release|Any CPU.Build.0 = Release|Any CPU
		{0AFA9251-196D-4BD7-8FA6-3850E61D020F}.Debug|iPhoneSimulator.ActiveCfg = Debug|Any CPU
		{0AFA9251-196D-4BD7-8FA6-3850E61D020F}.Debug|iPhoneSimulator.Build.0 = Debug|Any CPU
		{0AFA9251-196D-4BD7-8FA6-3850E61D020F}.Release|iPhoneSimulator.ActiveCfg = Release|Any CPU
		{0AFA9251-196D-4BD7-8FA6-3850E61D020F}.Release|iPhoneSimulator.Build.0 = Release|Any CPU
		{0AFA9251-196D-4BD7-8FA6-3850E61D020F}.Debug|iPhone.ActiveCfg = Debug|Any CPU
		{0AFA9251-196D-4BD7-8FA6-3850E61D020F}.Debug|iPhone.Build.0 = Debug|Any CPU
		{0AFA9251-196D-4BD7-8FA6-3850E61D020F}.Release|iPhone.ActiveCfg = Release|Any CPU
		{0AFA9251-196D-4BD7-8FA6-3850E61D020F}.Release|iPhone.Build.0 = Release|Any CPU
		{833DACC6-C482-43E9-9AD7-9D08C9DB1ED3}.Debug|Any CPU.ActiveCfg = Debug|iPhoneSimulator
		{833DACC6-C482-43E9-9AD7-9D08C9DB1ED3}.Debug|Any CPU.Build.0 = Debug|iPhoneSimulator
		{833DACC6-C482-43E9-9AD7-9D08C9DB1ED3}.Release|Any CPU.ActiveCfg = Release|iPhoneSimulator
		{833DACC6-C482-43E9-9AD7-9D08C9DB1ED3}.Release|Any CPU.Build.0 = Release|iPhoneSimulator
		{833DACC6-C482-43E9-9AD7-9D08C9DB1ED3}.Debug|iPhoneSimulator.ActiveCfg = Debug|iPhoneSimulator
		{833DACC6-C482-43E9-9AD7-9D08C9DB1ED3}.Debug|iPhoneSimulator.Build.0 = Debug|iPhoneSimulator
		{833DACC6-C482-43E9-9AD7-9D08C9DB1ED3}.Release|iPhoneSimulator.ActiveCfg = Release|iPhoneSimulator
		{833DACC6-C482-43E9-9AD7-9D08C9DB1ED3}.Release|iPhoneSimulator.Build.0 = Release|iPhoneSimulator
		{833DACC6-C482-43E9-9AD7-9D08C9DB1ED3}.Debug|iPhone.ActiveCfg = Debug|iPhone
		{833DACC6-C482-43E9-9AD7-9D08C9DB1ED3}.Debug|iPhone.Build.0 = Debug|iPhone
		{833DACC6-C482-43E9-9AD7-9D08C9DB1ED3}.Release|iPhone.ActiveCfg = Release|iPhone
		{833DACC6-C482-43E9-9AD7-9D08C9DB1ED3}.Release|iPhone.Build.0 = Release|iPhone
		{6DB80703-50C4-410E-9CD4-42CB536F0916}.Debug|Any CPU.ActiveCfg = Debug|Any CPU
		{6DB80703-50C4-410E-9CD4-42CB536F0916}.Debug|Any CPU.Build.0 = Debug|Any CPU
		{6DB80703-50C4-410E-9CD4-42CB536F0916}.Release|Any CPU.ActiveCfg = Release|Any CPU
		{6DB80703-50C4-410E-9CD4-42CB536F0916}.Release|Any CPU.Build.0 = Release|Any CPU
		{6DB80703-50C4-410E-9CD4-42CB536F0916}.Debug|iPhoneSimulator.ActiveCfg = Debug|Any CPU
		{6DB80703-50C4-410E-9CD4-42CB536F0916}.Debug|iPhoneSimulator.Build.0 = Debug|Any CPU
		{6DB80703-50C4-410E-9CD4-42CB536F0916}.Release|iPhoneSimulator.ActiveCfg = Release|Any CPU
		{6DB80703-50C4-410E-9CD4-42CB536F0916}.Release|iPhoneSimulator.Build.0 = Release|Any CPU
		{6DB80703-50C4-410E-9CD4-42CB536F0916}.Debug|iPhone.ActiveCfg = Debug|Any CPU
		{6DB80703-50C4-410E-9CD4-42CB536F0916}.Debug|iPhone.Build.0 = Debug|Any CPU
		{6DB80703-50C4-410E-9CD4-42CB536F0916}.Release|iPhone.ActiveCfg = Release|Any CPU
		{6DB80703-50C4-410E-9CD4-42CB536F0916}.Release|iPhone.Build.0 = Release|Any CPU
		{921C840B-C949-42FC-9AB3-EF8E2A7ECB0E}.Debug|Any CPU.ActiveCfg = Debug|Any CPU
		{921C840B-C949-42FC-9AB3-EF8E2A7ECB0E}.Debug|Any CPU.Build.0 = Debug|Any CPU
		{921C840B-C949-42FC-9AB3-EF8E2A7ECB0E}.Release|Any CPU.ActiveCfg = Release|Any CPU
		{921C840B-C949-42FC-9AB3-EF8E2A7ECB0E}.Release|Any CPU.Build.0 = Release|Any CPU
		{921C840B-C949-42FC-9AB3-EF8E2A7ECB0E}.Debug|iPhoneSimulator.ActiveCfg = Debug|Any CPU
		{921C840B-C949-42FC-9AB3-EF8E2A7ECB0E}.Debug|iPhoneSimulator.Build.0 = Debug|Any CPU
		{921C840B-C949-42FC-9AB3-EF8E2A7ECB0E}.Release|iPhoneSimulator.ActiveCfg = Release|Any CPU
		{921C840B-C949-42FC-9AB3-EF8E2A7ECB0E}.Release|iPhoneSimulator.Build.0 = Release|Any CPU
		{921C840B-C949-42FC-9AB3-EF8E2A7ECB0E}.Debug|iPhone.ActiveCfg = Debug|Any CPU
		{921C840B-C949-42FC-9AB3-EF8E2A7ECB0E}.Debug|iPhone.Build.0 = Debug|Any CPU
		{921C840B-C949-42FC-9AB3-EF8E2A7ECB0E}.Release|iPhone.ActiveCfg = Release|Any CPU
		{921C840B-C949-42FC-9AB3-EF8E2A7ECB0E}.Release|iPhone.Build.0 = Release|Any CPU
	EndGlobalSection
	GlobalSection(SolutionProperties) = preSolution
		HideSolutionNode = FALSE
	EndGlobalSection
	GlobalSection(ExtensibilityGlobals) = postSolution
		SolutionGuid = {2FA4DE21-4527-4A7F-9357-5E81AEA8142C}
	EndGlobalSection
EndGlobal
